
Microsoft Visual Studio Solution File, Format Version 12.00
# Visual Studio Version 17
VisualStudioVersion = 17.9.34714.143
MinimumVisualStudioVersion = 10.0.40219.1
Project("{FAE04EC0-301F-11D3-BF4B-00C04F79EFBC}") = "bai1", "bai1\bai1.csproj", "{015EA458-ACBB-444E-97BF-366FC2682E4E}"
EndProject
Project("{9A19103F-16F7-4668-BE54-9A1E7A4F7556}") = "bai2", "bai2\bai2.csproj", "{C8E065E9-3552-482A-8737-17C16495303C}"
EndProject
Project("{FAE04EC0-301F-11D3-BF4B-00C04F79EFBC}") = "bai3", "bai3\bai3.csproj", "{E5ED586B-6EBD-4FFC-80A9-74EC0D5F15D0}"
EndProject
Project("{FAE04EC0-301F-11D3-BF4B-00C04F79EFBC}") = "bai5", "bai5\bai5.csproj", "{36819839-F4F1-4144-BEC4-32EC6172C3D1}"
EndProject
Project("{FAE04EC0-301F-11D3-BF4B-00C04F79EFBC}") = "bai8", "bai8\bai8.csproj", "{0E9CD131-DBC0-4E2A-9DBF-9F679BCDFAD8}"
EndProject
Project("{FAE04EC0-301F-11D3-BF4B-00C04F79EFBC}") = "bai9", "bai9\bai9.csproj", "{B9662E3C-CAD6-4E3B-A1AA-33D65CD6F69D}"
EndProject
Project("{FAE04EC0-301F-11D3-BF4B-00C04F79EFBC}") = "bai11", "bai11\bai11.csproj", "{4B4DAA7A-0786-424D-B8F5-E1AE0FE7447D}"
EndProject
Project("{FAE04EC0-301F-11D3-BF4B-00C04F79EFBC}") = "bai12", "bai12\bai12.csproj", "{2EF2491B-AB88-4CC4-AAC9-0352E74714CB}"
EndProject
Project("{FAE04EC0-301F-11D3-BF4B-00C04F79EFBC}") = "bai14", "bai14\bai14.csproj", "{77D45B63-2E2B-4671-A08E-49337FDC89D5}"
EndProject
Project("{FAE04EC0-301F-11D3-BF4B-00C04F79EFBC}") = "bai15", "bai15\bai15.csproj", "{1A5347B0-117C-46E8-ADD4-156BD6095820}"
EndProject
Project("{FAE04EC0-301F-11D3-BF4B-00C04F79EFBC}") = "bai15-exercises", "bai15-exercises\bai15-exercises.csproj", "{7E7F7B8A-4577-4334-9DF6-952F47069133}"
EndProject
Project("{FAE04EC0-301F-11D3-BF4B-00C04F79EFBC}") = "bai16", "bai16\bai16.csproj", "{43BAFCBE-1B28-4D36-A211-7057BB60476E}"
EndProject
Project("{FAE04EC0-301F-11D3-BF4B-00C04F79EFBC}") = "bai17", "bai17\bai17.csproj", "{73F9ED60-2C1D-4F11-9F33-E7FF87F24461}"
EndProject
Project("{FAE04EC0-301F-11D3-BF4B-00C04F79EFBC}") = "bai18", "bai18\bai18.csproj", "{6BC8A552-C5A3-4C79-97E5-7EB30D9ECF86}"
EndProject
Project("{FAE04EC0-301F-11D3-BF4B-00C04F79EFBC}") = "bai18_1", "bai18_1\bai18_1.csproj", "{DDCEB065-79C8-4FE9-95CA-0DB7C34B5987}"
EndProject
Project("{FAE04EC0-301F-11D3-BF4B-00C04F79EFBC}") = "bai19", "bai19\bai19.csproj", "{E96F17CE-E733-4EB7-99E4-F76BC39EFA6C}"
EndProject
Project("{FAE04EC0-301F-11D3-BF4B-00C04F79EFBC}") = "bai20", "bai20\bai20.csproj", "{263CDB02-B165-412C-8A77-4369E0A258D3}"
EndProject
Project("{FAE04EC0-301F-11D3-BF4B-00C04F79EFBC}") = "bai21", "bai21\bai21.csproj", "{1142BF0E-DFFB-4F4C-B078-ACFC26BDBFB1}"
EndProject
Project("{FAE04EC0-301F-11D3-BF4B-00C04F79EFBC}") = "bai22", "bai22\bai22.csproj", "{1E342935-6324-429A-8DBD-61B1536A5CAF}"
EndProject
Project("{FAE04EC0-301F-11D3-BF4B-00C04F79EFBC}") = "bai22-kethua", "bai22-kethua\bai22-kethua.csproj", "{04A87B75-DAFC-4F56-A0B4-2EE7EF125078}"
EndProject
Global
	GlobalSection(SolutionConfigurationPlatforms) = preSolution
		Debug|Any CPU = Debug|Any CPU
		Release|Any CPU = Release|Any CPU
	EndGlobalSection
	GlobalSection(ProjectConfigurationPlatforms) = postSolution
		{015EA458-ACBB-444E-97BF-366FC2682E4E}.Debug|Any CPU.ActiveCfg = Debug|Any CPU
		{015EA458-ACBB-444E-97BF-366FC2682E4E}.Debug|Any CPU.Build.0 = Debug|Any CPU
		{015EA458-ACBB-444E-97BF-366FC2682E4E}.Release|Any CPU.ActiveCfg = Release|Any CPU
		{015EA458-ACBB-444E-97BF-366FC2682E4E}.Release|Any CPU.Build.0 = Release|Any CPU
		{C8E065E9-3552-482A-8737-17C16495303C}.Debug|Any CPU.ActiveCfg = Debug|Any CPU
		{C8E065E9-3552-482A-8737-17C16495303C}.Debug|Any CPU.Build.0 = Debug|Any CPU
		{C8E065E9-3552-482A-8737-17C16495303C}.Release|Any CPU.ActiveCfg = Release|Any CPU
		{C8E065E9-3552-482A-8737-17C16495303C}.Release|Any CPU.Build.0 = Release|Any CPU
		{E5ED586B-6EBD-4FFC-80A9-74EC0D5F15D0}.Debug|Any CPU.ActiveCfg = Debug|Any CPU
		{E5ED586B-6EBD-4FFC-80A9-74EC0D5F15D0}.Debug|Any CPU.Build.0 = Debug|Any CPU
		{E5ED586B-6EBD-4FFC-80A9-74EC0D5F15D0}.Release|Any CPU.ActiveCfg = Release|Any CPU
		{E5ED586B-6EBD-4FFC-80A9-74EC0D5F15D0}.Release|Any CPU.Build.0 = Release|Any CPU
		{36819839-F4F1-4144-BEC4-32EC6172C3D1}.Debug|Any CPU.ActiveCfg = Debug|Any CPU
		{36819839-F4F1-4144-BEC4-32EC6172C3D1}.Debug|Any CPU.Build.0 = Debug|Any CPU
		{36819839-F4F1-4144-BEC4-32EC6172C3D1}.Release|Any CPU.ActiveCfg = Release|Any CPU
		{36819839-F4F1-4144-BEC4-32EC6172C3D1}.Release|Any CPU.Build.0 = Release|Any CPU
		{0E9CD131-DBC0-4E2A-9DBF-9F679BCDFAD8}.Debug|Any CPU.ActiveCfg = Debug|Any CPU
		{0E9CD131-DBC0-4E2A-9DBF-9F679BCDFAD8}.Debug|Any CPU.Build.0 = Debug|Any CPU
		{0E9CD131-DBC0-4E2A-9DBF-9F679BCDFAD8}.Release|Any CPU.ActiveCfg = Release|Any CPU
		{0E9CD131-DBC0-4E2A-9DBF-9F679BCDFAD8}.Release|Any CPU.Build.0 = Release|Any CPU
		{B9662E3C-CAD6-4E3B-A1AA-33D65CD6F69D}.Debug|Any CPU.ActiveCfg = Debug|Any CPU
		{B9662E3C-CAD6-4E3B-A1AA-33D65CD6F69D}.Debug|Any CPU.Build.0 = Debug|Any CPU
		{B9662E3C-CAD6-4E3B-A1AA-33D65CD6F69D}.Release|Any CPU.ActiveCfg = Release|Any CPU
		{B9662E3C-CAD6-4E3B-A1AA-33D65CD6F69D}.Release|Any CPU.Build.0 = Release|Any CPU
		{4B4DAA7A-0786-424D-B8F5-E1AE0FE7447D}.Debug|Any CPU.ActiveCfg = Debug|Any CPU
		{4B4DAA7A-0786-424D-B8F5-E1AE0FE7447D}.Debug|Any CPU.Build.0 = Debug|Any CPU
		{4B4DAA7A-0786-424D-B8F5-E1AE0FE7447D}.Release|Any CPU.ActiveCfg = Release|Any CPU
		{4B4DAA7A-0786-424D-B8F5-E1AE0FE7447D}.Release|Any CPU.Build.0 = Release|Any CPU
		{2EF2491B-AB88-4CC4-AAC9-0352E74714CB}.Debug|Any CPU.ActiveCfg = Debug|Any CPU
		{2EF2491B-AB88-4CC4-AAC9-0352E74714CB}.Debug|Any CPU.Build.0 = Debug|Any CPU
		{2EF2491B-AB88-4CC4-AAC9-0352E74714CB}.Release|Any CPU.ActiveCfg = Release|Any CPU
		{2EF2491B-AB88-4CC4-AAC9-0352E74714CB}.Release|Any CPU.Build.0 = Release|Any CPU
		{77D45B63-2E2B-4671-A08E-49337FDC89D5}.Debug|Any CPU.ActiveCfg = Debug|Any CPU
		{77D45B63-2E2B-4671-A08E-49337FDC89D5}.Debug|Any CPU.Build.0 = Debug|Any CPU
		{77D45B63-2E2B-4671-A08E-49337FDC89D5}.Release|Any CPU.ActiveCfg = Release|Any CPU
		{77D45B63-2E2B-4671-A08E-49337FDC89D5}.Release|Any CPU.Build.0 = Release|Any CPU
		{1A5347B0-117C-46E8-ADD4-156BD6095820}.Debug|Any CPU.ActiveCfg = Debug|Any CPU
		{1A5347B0-117C-46E8-ADD4-156BD6095820}.Debug|Any CPU.Build.0 = Debug|Any CPU
		{1A5347B0-117C-46E8-ADD4-156BD6095820}.Release|Any CPU.ActiveCfg = Release|Any CPU
		{1A5347B0-117C-46E8-ADD4-156BD6095820}.Release|Any CPU.Build.0 = Release|Any CPU
		{7E7F7B8A-4577-4334-9DF6-952F47069133}.Debug|Any CPU.ActiveCfg = Debug|Any CPU
		{7E7F7B8A-4577-4334-9DF6-952F47069133}.Debug|Any CPU.Build.0 = Debug|Any CPU
		{7E7F7B8A-4577-4334-9DF6-952F47069133}.Release|Any CPU.ActiveCfg = Release|Any CPU
		{7E7F7B8A-4577-4334-9DF6-952F47069133}.Release|Any CPU.Build.0 = Release|Any CPU
		{43BAFCBE-1B28-4D36-A211-7057BB60476E}.Debug|Any CPU.ActiveCfg = Debug|Any CPU
		{43BAFCBE-1B28-4D36-A211-7057BB60476E}.Debug|Any CPU.Build.0 = Debug|Any CPU
		{43BAFCBE-1B28-4D36-A211-7057BB60476E}.Release|Any CPU.ActiveCfg = Release|Any CPU
		{43BAFCBE-1B28-4D36-A211-7057BB60476E}.Release|Any CPU.Build.0 = Release|Any CPU
		{73F9ED60-2C1D-4F11-9F33-E7FF87F24461}.Debug|Any CPU.ActiveCfg = Debug|Any CPU
		{73F9ED60-2C1D-4F11-9F33-E7FF87F24461}.Debug|Any CPU.Build.0 = Debug|Any CPU
		{73F9ED60-2C1D-4F11-9F33-E7FF87F24461}.Release|Any CPU.ActiveCfg = Release|Any CPU
		{73F9ED60-2C1D-4F11-9F33-E7FF87F24461}.Release|Any CPU.Build.0 = Release|Any CPU
		{6BC8A552-C5A3-4C79-97E5-7EB30D9ECF86}.Debug|Any CPU.ActiveCfg = Debug|Any CPU
		{6BC8A552-C5A3-4C79-97E5-7EB30D9ECF86}.Debug|Any CPU.Build.0 = Debug|Any CPU
		{6BC8A552-C5A3-4C79-97E5-7EB30D9ECF86}.Release|Any CPU.ActiveCfg = Release|Any CPU
		{6BC8A552-C5A3-4C79-97E5-7EB30D9ECF86}.Release|Any CPU.Build.0 = Release|Any CPU
		{DDCEB065-79C8-4FE9-95CA-0DB7C34B5987}.Debug|Any CPU.ActiveCfg = Debug|Any CPU
		{DDCEB065-79C8-4FE9-95CA-0DB7C34B5987}.Debug|Any CPU.Build.0 = Debug|Any CPU
		{DDCEB065-79C8-4FE9-95CA-0DB7C34B5987}.Release|Any CPU.ActiveCfg = Release|Any CPU
		{DDCEB065-79C8-4FE9-95CA-0DB7C34B5987}.Release|Any CPU.Build.0 = Release|Any CPU
		{E96F17CE-E733-4EB7-99E4-F76BC39EFA6C}.Debug|Any CPU.ActiveCfg = Debug|Any CPU
		{E96F17CE-E733-4EB7-99E4-F76BC39EFA6C}.Debug|Any CPU.Build.0 = Debug|Any CPU
		{E96F17CE-E733-4EB7-99E4-F76BC39EFA6C}.Release|Any CPU.ActiveCfg = Release|Any CPU
		{E96F17CE-E733-4EB7-99E4-F76BC39EFA6C}.Release|Any CPU.Build.0 = Release|Any CPU
		{263CDB02-B165-412C-8A77-4369E0A258D3}.Debug|Any CPU.ActiveCfg = Debug|Any CPU
		{263CDB02-B165-412C-8A77-4369E0A258D3}.Debug|Any CPU.Build.0 = Debug|Any CPU
		{263CDB02-B165-412C-8A77-4369E0A258D3}.Release|Any CPU.ActiveCfg = Release|Any CPU
		{263CDB02-B165-412C-8A77-4369E0A258D3}.Release|Any CPU.Build.0 = Release|Any CPU
		{1142BF0E-DFFB-4F4C-B078-ACFC26BDBFB1}.Debug|Any CPU.ActiveCfg = Debug|Any CPU
		{1142BF0E-DFFB-4F4C-B078-ACFC26BDBFB1}.Debug|Any CPU.Build.0 = Debug|Any CPU
		{1142BF0E-DFFB-4F4C-B078-ACFC26BDBFB1}.Release|Any CPU.ActiveCfg = Release|Any CPU
		{1142BF0E-DFFB-4F4C-B078-ACFC26BDBFB1}.Release|Any CPU.Build.0 = Release|Any CPU
		{1E342935-6324-429A-8DBD-61B1536A5CAF}.Debug|Any CPU.ActiveCfg = Debug|Any CPU
		{1E342935-6324-429A-8DBD-61B1536A5CAF}.Debug|Any CPU.Build.0 = Debug|Any CPU
		{1E342935-6324-429A-8DBD-61B1536A5CAF}.Release|Any CPU.ActiveCfg = Release|Any CPU
		{1E342935-6324-429A-8DBD-61B1536A5CAF}.Release|Any CPU.Build.0 = Release|Any CPU
		{04A87B75-DAFC-4F56-A0B4-2EE7EF125078}.Debug|Any CPU.ActiveCfg = Debug|Any CPU
		{04A87B75-DAFC-4F56-A0B4-2EE7EF125078}.Debug|Any CPU.Build.0 = Debug|Any CPU
		{04A87B75-DAFC-4F56-A0B4-2EE7EF125078}.Release|Any CPU.ActiveCfg = Release|Any CPU
		{04A87B75-DAFC-4F56-A0B4-2EE7EF125078}.Release|Any CPU.Build.0 = Release|Any CPU
	EndGlobalSection
	GlobalSection(SolutionProperties) = preSolution
		HideSolutionNode = FALSE
	EndGlobalSection
	GlobalSection(ExtensibilityGlobals) = postSolution
		SolutionGuid = {2893A0B7-19A4-4FF4-985A-917FC2A00ED8}
	EndGlobalSection
EndGlobal
